// !$*UTF8*$!
{
	archiveVersion = 1;
	classes = {
	};
	objectVersion = 46;
	objects = {

/* Begin PBXBuildFile section */
		7564E62237D5409085156595 /* libPods-PebbleTimeSchedule.a in Frameworks */ = {isa = PBXBuildFile; fileRef = D55478D4A2104128AF8BEBE3 /* libPods-PebbleTimeSchedule.a */; };
		F72C0D601996FBAA00CE95BB /* PTSButton.m in Sources */ = {isa = PBXBuildFile; fileRef = F72C0D5F1996FBAA00CE95BB /* PTSButton.m */; };
		F73EA2A7197BBAD40094A790 /* UIImage+PTSFoundation.m in Sources */ = {isa = PBXBuildFile; fileRef = F73EA2A6197BBAD40094A790 /* UIImage+PTSFoundation.m */; };
		F74AE35A19BB0B6200835527 /* Default-568h@2x.png in Resources */ = {isa = PBXBuildFile; fileRef = F74AE35719BB0B6200835527 /* Default-568h@2x.png */; };
		F74AE35B19BB0B6200835527 /* Default.png in Resources */ = {isa = PBXBuildFile; fileRef = F74AE35819BB0B6200835527 /* Default.png */; };
		F74AE35C19BB0B6200835527 /* Default@2x.png in Resources */ = {isa = PBXBuildFile; fileRef = F74AE35919BB0B6200835527 /* Default@2x.png */; };
		F74AE35F19BB124800835527 /* Icon.png in Resources */ = {isa = PBXBuildFile; fileRef = F74AE35D19BB124800835527 /* Icon.png */; };
		F74AE36019BB124800835527 /* Icon@2x.png in Resources */ = {isa = PBXBuildFile; fileRef = F74AE35E19BB124800835527 /* Icon@2x.png */; };
		F74AE36219BB139800835527 /* Icon-60@2x.png in Resources */ = {isa = PBXBuildFile; fileRef = F74AE36119BB139800835527 /* Icon-60@2x.png */; };
		F74AE36419BB52EA00835527 /* Icon-60.png in Resources */ = {isa = PBXBuildFile; fileRef = F74AE36319BB52EA00835527 /* Icon-60.png */; };
		F767ABF919BAAB8600AAFCF7 /* PTSNotificationView.xib in Resources */ = {isa = PBXBuildFile; fileRef = F767ABF819BAAB8600AAFCF7 /* PTSNotificationView.xib */; };
		F767ABFD19BACF2D00AAFCF7 /* event_frame.png in Resources */ = {isa = PBXBuildFile; fileRef = F767ABFB19BACF2D00AAFCF7 /* event_frame.png */; };
		F767ABFE19BACF2D00AAFCF7 /* event_frame@2x.png in Resources */ = {isa = PBXBuildFile; fileRef = F767ABFC19BACF2D00AAFCF7 /* event_frame@2x.png */; };
		F767AC0119BAD87C00AAFCF7 /* UIColor+PTSFoundation.m in Sources */ = {isa = PBXBuildFile; fileRef = F767AC0019BAD87C00AAFCF7 /* UIColor+PTSFoundation.m */; };
		F767AC0519BAF5BA00AAFCF7 /* NSDate+PTSFoundation.m in Sources */ = {isa = PBXBuildFile; fileRef = F767AC0419BAF5BA00AAFCF7 /* NSDate+PTSFoundation.m */; };
		F767AC0919BAF75400AAFCF7 /* Localizable.strings in Resources */ = {isa = PBXBuildFile; fileRef = F767AC0B19BAF75400AAFCF7 /* Localizable.strings */; };
		F76E872D1961B72F00FDF08B /* Foundation.framework in Frameworks */ = {isa = PBXBuildFile; fileRef = F76E872C1961B72F00FDF08B /* Foundation.framework */; };
		F76E872F1961B72F00FDF08B /* CoreGraphics.framework in Frameworks */ = {isa = PBXBuildFile; fileRef = F76E872E1961B72F00FDF08B /* CoreGraphics.framework */; };
		F76E87311961B72F00FDF08B /* UIKit.framework in Frameworks */ = {isa = PBXBuildFile; fileRef = F76E87301961B72F00FDF08B /* UIKit.framework */; };
		F76E87371961B72F00FDF08B /* InfoPlist.strings in Resources */ = {isa = PBXBuildFile; fileRef = F76E87351961B72F00FDF08B /* InfoPlist.strings */; };
		F76E87391961B72F00FDF08B /* main.m in Sources */ = {isa = PBXBuildFile; fileRef = F76E87381961B72F00FDF08B /* main.m */; };
		F76E873D1961B72F00FDF08B /* PTSAppDelegate.m in Sources */ = {isa = PBXBuildFile; fileRef = F76E873C1961B72F00FDF08B /* PTSAppDelegate.m */; };
		F76E873F1961B72F00FDF08B /* Images.xcassets in Resources */ = {isa = PBXBuildFile; fileRef = F76E873E1961B72F00FDF08B /* Images.xcassets */; };
		F76E87461961B72F00FDF08B /* XCTest.framework in Frameworks */ = {isa = PBXBuildFile; fileRef = F76E87451961B72F00FDF08B /* XCTest.framework */; };
		F76E87471961B72F00FDF08B /* Foundation.framework in Frameworks */ = {isa = PBXBuildFile; fileRef = F76E872C1961B72F00FDF08B /* Foundation.framework */; };
		F76E87481961B72F00FDF08B /* UIKit.framework in Frameworks */ = {isa = PBXBuildFile; fileRef = F76E87301961B72F00FDF08B /* UIKit.framework */; };
		F76E87501961B72F00FDF08B /* InfoPlist.strings in Resources */ = {isa = PBXBuildFile; fileRef = F76E874E1961B72F00FDF08B /* InfoPlist.strings */; };
		F76E875E1961B82C00FDF08B /* PTSCalendarListViewController.m in Sources */ = {isa = PBXBuildFile; fileRef = F76E875C1961B82C00FDF08B /* PTSCalendarListViewController.m */; };
		F76E875F1961B82C00FDF08B /* PTSCalendarListViewController.xib in Resources */ = {isa = PBXBuildFile; fileRef = F76E875D1961B82C00FDF08B /* PTSCalendarListViewController.xib */; };
		F76E876219631E5100FDF08B /* EventKit.framework in Frameworks */ = {isa = PBXBuildFile; fileRef = F76E876119631E5100FDF08B /* EventKit.framework */; };
		F76F431B1A4E762E0091EAA4 /* Parse.framework in Frameworks */ = {isa = PBXBuildFile; fileRef = F76F431A1A4E762E0091EAA4 /* Parse.framework */; };
		F76F431D1A4E76440091EAA4 /* Bolts.framework in Frameworks */ = {isa = PBXBuildFile; fileRef = F76F431C1A4E76440091EAA4 /* Bolts.framework */; };
		F76F431F1A4E76920091EAA4 /* AudioToolbox.framework in Frameworks */ = {isa = PBXBuildFile; fileRef = F76F431E1A4E76920091EAA4 /* AudioToolbox.framework */; };
		F76F43211A4E769B0091EAA4 /* CFNetwork.framework in Frameworks */ = {isa = PBXBuildFile; fileRef = F76F43201A4E769B0091EAA4 /* CFNetwork.framework */; };
		F76F43231A4E76A90091EAA4 /* CoreLocation.framework in Frameworks */ = {isa = PBXBuildFile; fileRef = F76F43221A4E76A90091EAA4 /* CoreLocation.framework */; };
		F76F43251A4E76B20091EAA4 /* MobileCoreServices.framework in Frameworks */ = {isa = PBXBuildFile; fileRef = F76F43241A4E76B20091EAA4 /* MobileCoreServices.framework */; };
		F76F43271A4E76BA0091EAA4 /* QuartzCore.framework in Frameworks */ = {isa = PBXBuildFile; fileRef = F76F43261A4E76BA0091EAA4 /* QuartzCore.framework */; };
		F76F43291A4E76C50091EAA4 /* Security.framework in Frameworks */ = {isa = PBXBuildFile; fileRef = F76F43281A4E76C50091EAA4 /* Security.framework */; };
		F76F432B1A4E76CD0091EAA4 /* StoreKit.framework in Frameworks */ = {isa = PBXBuildFile; fileRef = F76F432A1A4E76CD0091EAA4 /* StoreKit.framework */; };
		F76F432D1A4E76D50091EAA4 /* SystemConfiguration.framework in Frameworks */ = {isa = PBXBuildFile; fileRef = F76F432C1A4E76D50091EAA4 /* SystemConfiguration.framework */; };
		F76F432F1A4E76E20091EAA4 /* libz.dylib in Frameworks */ = {isa = PBXBuildFile; fileRef = F76F432E1A4E76E20091EAA4 /* libz.dylib */; };
		F76F43311A4E76EB0091EAA4 /* libsqlite3.dylib in Frameworks */ = {isa = PBXBuildFile; fileRef = F76F43301A4E76EB0091EAA4 /* libsqlite3.dylib */; };
		F76F43341A4E7F830091EAA4 /* configuration.json in Resources */ = {isa = PBXBuildFile; fileRef = F76F43331A4E7F830091EAA4 /* configuration.json */; };
		F76F43371A4E801A0091EAA4 /* PTSConfigurationManager.m in Sources */ = {isa = PBXBuildFile; fileRef = F76F43361A4E801A0091EAA4 /* PTSConfigurationManager.m */; };
		F76F433F1A4E92B50091EAA4 /* configuration.json in Resources */ = {isa = PBXBuildFile; fileRef = F76F433E1A4E92B50091EAA4 /* configuration.json */; };
		F76F43411A4E951B0091EAA4 /* Social.framework in Frameworks */ = {isa = PBXBuildFile; fileRef = F76F43401A4E951B0091EAA4 /* Social.framework */; };
		F76F43431A4E95210091EAA4 /* Accounts.framework in Frameworks */ = {isa = PBXBuildFile; fileRef = F76F43421A4E95210091EAA4 /* Accounts.framework */; };
		F78C7CC819D29D19002857C1 /* NSString+PTSFoundation.m in Sources */ = {isa = PBXBuildFile; fileRef = F78C7CC719D29D19002857C1 /* NSString+PTSFoundation.m */; };
		F79DC2E01A4EA2F8001C1ABA /* PebbleTimeScheduleTests.m in Sources */ = {isa = PBXBuildFile; fileRef = F76E87511961B72F00FDF08B /* PebbleTimeScheduleTests.m */; };
		F79DC2E21A4EA3D0001C1ABA /* PTSConfigurationManagerTest.m in Sources */ = {isa = PBXBuildFile; fileRef = F76F433A1A4E8A740091EAA4 /* PTSConfigurationManagerTest.m */; };
		F7AF27371988513900070FC0 /* misaki_gothic.ttf in Resources */ = {isa = PBXBuildFile; fileRef = F7AF27351988513900070FC0 /* misaki_gothic.ttf */; };
		F7AF27381988513900070FC0 /* misaki_mincho.ttf in Resources */ = {isa = PBXBuildFile; fileRef = F7AF27361988513900070FC0 /* misaki_mincho.ttf */; };
		F7E3FA6C1A2763F4000B42EF /* Crashlytics.framework in Frameworks */ = {isa = PBXBuildFile; fileRef = F7E3FA6A1A2763F4000B42EF /* Crashlytics.framework */; };
		F7E3FA6D1A2763F4000B42EF /* Fabric.framework in Frameworks */ = {isa = PBXBuildFile; fileRef = F7E3FA6B1A2763F4000B42EF /* Fabric.framework */; };
		F7EEE52D19BAA57E008E6EF0 /* PTSNotificationView.m in Sources */ = {isa = PBXBuildFile; fileRef = F7EEE52C19BAA57E008E6EF0 /* PTSNotificationView.m */; };
		F7EEE53019BAA630008E6EF0 /* PTSView.m in Sources */ = {isa = PBXBuildFile; fileRef = F7EEE52F19BAA630008E6EF0 /* PTSView.m */; };
/* End PBXBuildFile section */

/* Begin PBXContainerItemProxy section */
		F79DC2E31A4EA4D1001C1ABA /* PBXContainerItemProxy */ = {
			isa = PBXContainerItemProxy;
			containerPortal = F76E87211961B72F00FDF08B /* Project object */;
			proxyType = 1;
			remoteGlobalIDString = F76E87281961B72F00FDF08B;
			remoteInfo = PebbleTimeSchedule;
		};
/* End PBXContainerItemProxy section */

/* Begin PBXFileReference section */
		D55478D4A2104128AF8BEBE3 /* libPods-PebbleTimeSchedule.a */ = {isa = PBXFileReference; explicitFileType = archive.ar; includeInIndex = 0; path = "libPods-PebbleTimeSchedule.a"; sourceTree = BUILT_PRODUCTS_DIR; };
		DAB4211A58914854BE34D30F /* Pods-PebbleTimeSchedule.xcconfig */ = {isa = PBXFileReference; includeInIndex = 1; lastKnownFileType = text.xcconfig; name = "Pods-PebbleTimeSchedule.xcconfig"; path = "Pods/Pods-PebbleTimeSchedule.xcconfig"; sourceTree = "<group>"; };
		F72C0D5E1996FBAA00CE95BB /* PTSButton.h */ = {isa = PBXFileReference; fileEncoding = 4; lastKnownFileType = sourcecode.c.h; name = PTSButton.h; path = views/PTSButton.h; sourceTree = "<group>"; };
		F72C0D5F1996FBAA00CE95BB /* PTSButton.m */ = {isa = PBXFileReference; fileEncoding = 4; lastKnownFileType = sourcecode.c.objc; name = PTSButton.m; path = views/PTSButton.m; sourceTree = "<group>"; };
		F73EA2A5197BBAD40094A790 /* UIImage+PTSFoundation.h */ = {isa = PBXFileReference; fileEncoding = 4; lastKnownFileType = sourcecode.c.h; name = "UIImage+PTSFoundation.h"; path = "views/UIImage+PTSFoundation.h"; sourceTree = "<group>"; };
		F73EA2A6197BBAD40094A790 /* UIImage+PTSFoundation.m */ = {isa = PBXFileReference; fileEncoding = 4; lastKnownFileType = sourcecode.c.objc; name = "UIImage+PTSFoundation.m"; path = "views/UIImage+PTSFoundation.m"; sourceTree = "<group>"; };
		F74AE35719BB0B6200835527 /* Default-568h@2x.png */ = {isa = PBXFileReference; lastKnownFileType = image.png; path = "Default-568h@2x.png"; sourceTree = "<group>"; };
		F74AE35819BB0B6200835527 /* Default.png */ = {isa = PBXFileReference; lastKnownFileType = image.png; path = Default.png; sourceTree = "<group>"; };
		F74AE35919BB0B6200835527 /* Default@2x.png */ = {isa = PBXFileReference; lastKnownFileType = image.png; path = "Default@2x.png"; sourceTree = "<group>"; };
		F74AE35D19BB124800835527 /* Icon.png */ = {isa = PBXFileReference; lastKnownFileType = image.png; path = Icon.png; sourceTree = "<group>"; };
		F74AE35E19BB124800835527 /* Icon@2x.png */ = {isa = PBXFileReference; lastKnownFileType = image.png; path = "Icon@2x.png"; sourceTree = "<group>"; };
		F74AE36119BB139800835527 /* Icon-60@2x.png */ = {isa = PBXFileReference; lastKnownFileType = image.png; path = "Icon-60@2x.png"; sourceTree = "<group>"; };
		F74AE36319BB52EA00835527 /* Icon-60.png */ = {isa = PBXFileReference; lastKnownFileType = image.png; path = "Icon-60.png"; sourceTree = "<group>"; };
		F767ABF819BAAB8600AAFCF7 /* PTSNotificationView.xib */ = {isa = PBXFileReference; fileEncoding = 4; lastKnownFileType = file.xib; name = PTSNotificationView.xib; path = views/PTSNotificationView.xib; sourceTree = "<group>"; };
		F767ABFB19BACF2D00AAFCF7 /* event_frame.png */ = {isa = PBXFileReference; lastKnownFileType = image.png; path = event_frame.png; sourceTree = "<group>"; };
		F767ABFC19BACF2D00AAFCF7 /* event_frame@2x.png */ = {isa = PBXFileReference; lastKnownFileType = image.png; path = "event_frame@2x.png"; sourceTree = "<group>"; };
		F767ABFF19BAD87C00AAFCF7 /* UIColor+PTSFoundation.h */ = {isa = PBXFileReference; fileEncoding = 4; lastKnownFileType = sourcecode.c.h; name = "UIColor+PTSFoundation.h"; path = "foundations/UIColor+PTSFoundation.h"; sourceTree = "<group>"; };
		F767AC0019BAD87C00AAFCF7 /* UIColor+PTSFoundation.m */ = {isa = PBXFileReference; fileEncoding = 4; lastKnownFileType = sourcecode.c.objc; name = "UIColor+PTSFoundation.m"; path = "foundations/UIColor+PTSFoundation.m"; sourceTree = "<group>"; };
		F767AC0319BAF5BA00AAFCF7 /* NSDate+PTSFoundation.h */ = {isa = PBXFileReference; fileEncoding = 4; lastKnownFileType = sourcecode.c.h; name = "NSDate+PTSFoundation.h"; path = "foundations/NSDate+PTSFoundation.h"; sourceTree = "<group>"; };
		F767AC0419BAF5BA00AAFCF7 /* NSDate+PTSFoundation.m */ = {isa = PBXFileReference; fileEncoding = 4; lastKnownFileType = sourcecode.c.objc; name = "NSDate+PTSFoundation.m"; path = "foundations/NSDate+PTSFoundation.m"; sourceTree = "<group>"; };
		F767AC0A19BAF75400AAFCF7 /* en */ = {isa = PBXFileReference; lastKnownFileType = text.plist.strings; name = en; path = en.lproj/Localizable.strings; sourceTree = "<group>"; };
		F767AC1019BAF82F00AAFCF7 /* ja */ = {isa = PBXFileReference; lastKnownFileType = text.plist.strings; name = ja; path = ja.lproj/Localizable.strings; sourceTree = "<group>"; };
		F76E87291961B72F00FDF08B /* TimeSchedule.app */ = {isa = PBXFileReference; explicitFileType = wrapper.application; includeInIndex = 0; path = TimeSchedule.app; sourceTree = BUILT_PRODUCTS_DIR; };
		F76E872C1961B72F00FDF08B /* Foundation.framework */ = {isa = PBXFileReference; lastKnownFileType = wrapper.framework; name = Foundation.framework; path = System/Library/Frameworks/Foundation.framework; sourceTree = SDKROOT; };
		F76E872E1961B72F00FDF08B /* CoreGraphics.framework */ = {isa = PBXFileReference; lastKnownFileType = wrapper.framework; name = CoreGraphics.framework; path = System/Library/Frameworks/CoreGraphics.framework; sourceTree = SDKROOT; };
		F76E87301961B72F00FDF08B /* UIKit.framework */ = {isa = PBXFileReference; lastKnownFileType = wrapper.framework; name = UIKit.framework; path = System/Library/Frameworks/UIKit.framework; sourceTree = SDKROOT; };
		F76E87341961B72F00FDF08B /* PebbleTimeSchedule-Info.plist */ = {isa = PBXFileReference; lastKnownFileType = text.plist.xml; path = "PebbleTimeSchedule-Info.plist"; sourceTree = "<group>"; };
		F76E87361961B72F00FDF08B /* en */ = {isa = PBXFileReference; lastKnownFileType = text.plist.strings; name = en; path = en.lproj/InfoPlist.strings; sourceTree = "<group>"; };
		F76E87381961B72F00FDF08B /* main.m */ = {isa = PBXFileReference; lastKnownFileType = sourcecode.c.objc; path = main.m; sourceTree = "<group>"; };
		F76E873A1961B72F00FDF08B /* PebbleTimeSchedule-Prefix.pch */ = {isa = PBXFileReference; lastKnownFileType = sourcecode.c.h; path = "PebbleTimeSchedule-Prefix.pch"; sourceTree = "<group>"; };
		F76E873B1961B72F00FDF08B /* PTSAppDelegate.h */ = {isa = PBXFileReference; lastKnownFileType = sourcecode.c.h; path = PTSAppDelegate.h; sourceTree = "<group>"; };
		F76E873C1961B72F00FDF08B /* PTSAppDelegate.m */ = {isa = PBXFileReference; lastKnownFileType = sourcecode.c.objc; path = PTSAppDelegate.m; sourceTree = "<group>"; };
		F76E873E1961B72F00FDF08B /* Images.xcassets */ = {isa = PBXFileReference; lastKnownFileType = folder.assetcatalog; name = Images.xcassets; path = ../Images.xcassets; sourceTree = "<group>"; };
		F76E87441961B72F00FDF08B /* PebbleTimeScheduleTests.xctest */ = {isa = PBXFileReference; explicitFileType = wrapper.cfbundle; includeInIndex = 0; path = PebbleTimeScheduleTests.xctest; sourceTree = BUILT_PRODUCTS_DIR; };
		F76E87451961B72F00FDF08B /* XCTest.framework */ = {isa = PBXFileReference; lastKnownFileType = wrapper.framework; name = XCTest.framework; path = Library/Frameworks/XCTest.framework; sourceTree = DEVELOPER_DIR; };
		F76E874D1961B72F00FDF08B /* PebbleTimeScheduleTests-Info.plist */ = {isa = PBXFileReference; lastKnownFileType = text.plist.xml; path = "PebbleTimeScheduleTests-Info.plist"; sourceTree = "<group>"; };
		F76E874F1961B72F00FDF08B /* en */ = {isa = PBXFileReference; lastKnownFileType = text.plist.strings; name = en; path = en.lproj/InfoPlist.strings; sourceTree = "<group>"; };
		F76E87511961B72F00FDF08B /* PebbleTimeScheduleTests.m */ = {isa = PBXFileReference; lastKnownFileType = sourcecode.c.objc; path = PebbleTimeScheduleTests.m; sourceTree = "<group>"; };
		F76E875B1961B82C00FDF08B /* PTSCalendarListViewController.h */ = {isa = PBXFileReference; fileEncoding = 4; lastKnownFileType = sourcecode.c.h; name = PTSCalendarListViewController.h; path = controllers/PTSCalendarListViewController.h; sourceTree = "<group>"; };
		F76E875C1961B82C00FDF08B /* PTSCalendarListViewController.m */ = {isa = PBXFileReference; fileEncoding = 4; lastKnownFileType = sourcecode.c.objc; name = PTSCalendarListViewController.m; path = controllers/PTSCalendarListViewController.m; sourceTree = "<group>"; };
		F76E875D1961B82C00FDF08B /* PTSCalendarListViewController.xib */ = {isa = PBXFileReference; fileEncoding = 4; lastKnownFileType = file.xib; name = PTSCalendarListViewController.xib; path = controllers/PTSCalendarListViewController.xib; sourceTree = "<group>"; };
		F76E876119631E5100FDF08B /* EventKit.framework */ = {isa = PBXFileReference; lastKnownFileType = wrapper.framework; name = EventKit.framework; path = System/Library/Frameworks/EventKit.framework; sourceTree = SDKROOT; };
		F76F431A1A4E762E0091EAA4 /* Parse.framework */ = {isa = PBXFileReference; lastKnownFileType = wrapper.framework; path = Parse.framework; sourceTree = "<group>"; };
		F76F431C1A4E76440091EAA4 /* Bolts.framework */ = {isa = PBXFileReference; lastKnownFileType = wrapper.framework; path = Bolts.framework; sourceTree = "<group>"; };
		F76F431E1A4E76920091EAA4 /* AudioToolbox.framework */ = {isa = PBXFileReference; lastKnownFileType = wrapper.framework; name = AudioToolbox.framework; path = System/Library/Frameworks/AudioToolbox.framework; sourceTree = SDKROOT; };
		F76F43201A4E769B0091EAA4 /* CFNetwork.framework */ = {isa = PBXFileReference; lastKnownFileType = wrapper.framework; name = CFNetwork.framework; path = System/Library/Frameworks/CFNetwork.framework; sourceTree = SDKROOT; };
		F76F43221A4E76A90091EAA4 /* CoreLocation.framework */ = {isa = PBXFileReference; lastKnownFileType = wrapper.framework; name = CoreLocation.framework; path = System/Library/Frameworks/CoreLocation.framework; sourceTree = SDKROOT; };
		F76F43241A4E76B20091EAA4 /* MobileCoreServices.framework */ = {isa = PBXFileReference; lastKnownFileType = wrapper.framework; name = MobileCoreServices.framework; path = System/Library/Frameworks/MobileCoreServices.framework; sourceTree = SDKROOT; };
		F76F43261A4E76BA0091EAA4 /* QuartzCore.framework */ = {isa = PBXFileReference; lastKnownFileType = wrapper.framework; name = QuartzCore.framework; path = System/Library/Frameworks/QuartzCore.framework; sourceTree = SDKROOT; };
		F76F43281A4E76C50091EAA4 /* Security.framework */ = {isa = PBXFileReference; lastKnownFileType = wrapper.framework; name = Security.framework; path = System/Library/Frameworks/Security.framework; sourceTree = SDKROOT; };
		F76F432A1A4E76CD0091EAA4 /* StoreKit.framework */ = {isa = PBXFileReference; lastKnownFileType = wrapper.framework; name = StoreKit.framework; path = System/Library/Frameworks/StoreKit.framework; sourceTree = SDKROOT; };
		F76F432C1A4E76D50091EAA4 /* SystemConfiguration.framework */ = {isa = PBXFileReference; lastKnownFileType = wrapper.framework; name = SystemConfiguration.framework; path = System/Library/Frameworks/SystemConfiguration.framework; sourceTree = SDKROOT; };
		F76F432E1A4E76E20091EAA4 /* libz.dylib */ = {isa = PBXFileReference; lastKnownFileType = "compiled.mach-o.dylib"; name = libz.dylib; path = usr/lib/libz.dylib; sourceTree = SDKROOT; };
		F76F43301A4E76EB0091EAA4 /* libsqlite3.dylib */ = {isa = PBXFileReference; lastKnownFileType = "compiled.mach-o.dylib"; name = libsqlite3.dylib; path = usr/lib/libsqlite3.dylib; sourceTree = SDKROOT; };
		F76F43331A4E7F830091EAA4 /* configuration.json */ = {isa = PBXFileReference; fileEncoding = 4; lastKnownFileType = text.json; path = configuration.json; sourceTree = "<group>"; };
		F76F43351A4E801A0091EAA4 /* PTSConfigurationManager.h */ = {isa = PBXFileReference; fileEncoding = 4; lastKnownFileType = sourcecode.c.h; name = PTSConfigurationManager.h; path = models/PTSConfigurationManager.h; sourceTree = "<group>"; };
		F76F43361A4E801A0091EAA4 /* PTSConfigurationManager.m */ = {isa = PBXFileReference; fileEncoding = 4; lastKnownFileType = sourcecode.c.objc; name = PTSConfigurationManager.m; path = models/PTSConfigurationManager.m; sourceTree = "<group>"; };
		F76F433A1A4E8A740091EAA4 /* PTSConfigurationManagerTest.m */ = {isa = PBXFileReference; fileEncoding = 4; lastKnownFileType = sourcecode.c.objc; path = PTSConfigurationManagerTest.m; sourceTree = "<group>"; };
		F76F433E1A4E92B50091EAA4 /* configuration.json */ = {isa = PBXFileReference; fileEncoding = 4; lastKnownFileType = text.json; path = configuration.json; sourceTree = "<group>"; };
		F76F43401A4E951B0091EAA4 /* Social.framework */ = {isa = PBXFileReference; lastKnownFileType = wrapper.framework; name = Social.framework; path = System/Library/Frameworks/Social.framework; sourceTree = SDKROOT; };
		F76F43421A4E95210091EAA4 /* Accounts.framework */ = {isa = PBXFileReference; lastKnownFileType = wrapper.framework; name = Accounts.framework; path = System/Library/Frameworks/Accounts.framework; sourceTree = SDKROOT; };
		F78C7CC619D29D19002857C1 /* NSString+PTSFoundation.h */ = {isa = PBXFileReference; fileEncoding = 4; lastKnownFileType = sourcecode.c.h; name = "NSString+PTSFoundation.h"; path = "foundations/NSString+PTSFoundation.h"; sourceTree = "<group>"; };
		F78C7CC719D29D19002857C1 /* NSString+PTSFoundation.m */ = {isa = PBXFileReference; fileEncoding = 4; lastKnownFileType = sourcecode.c.objc; name = "NSString+PTSFoundation.m"; path = "foundations/NSString+PTSFoundation.m"; sourceTree = "<group>"; };
		F7AF27351988513900070FC0 /* misaki_gothic.ttf */ = {isa = PBXFileReference; lastKnownFileType = file; path = misaki_gothic.ttf; sourceTree = "<group>"; };
		F7AF27361988513900070FC0 /* misaki_mincho.ttf */ = {isa = PBXFileReference; lastKnownFileType = file; path = misaki_mincho.ttf; sourceTree = "<group>"; };
		F7E3FA6A1A2763F4000B42EF /* Crashlytics.framework */ = {isa = PBXFileReference; lastKnownFileType = wrapper.framework; path = Crashlytics.framework; sourceTree = "<group>"; };
		F7E3FA6B1A2763F4000B42EF /* Fabric.framework */ = {isa = PBXFileReference; lastKnownFileType = wrapper.framework; path = Fabric.framework; sourceTree = "<group>"; };
		F7EEE52B19BAA57E008E6EF0 /* PTSNotificationView.h */ = {isa = PBXFileReference; fileEncoding = 4; lastKnownFileType = sourcecode.c.h; name = PTSNotificationView.h; path = views/PTSNotificationView.h; sourceTree = "<group>"; };
		F7EEE52C19BAA57E008E6EF0 /* PTSNotificationView.m */ = {isa = PBXFileReference; fileEncoding = 4; lastKnownFileType = sourcecode.c.objc; name = PTSNotificationView.m; path = views/PTSNotificationView.m; sourceTree = "<group>"; };
		F7EEE52E19BAA630008E6EF0 /* PTSView.h */ = {isa = PBXFileReference; fileEncoding = 4; lastKnownFileType = sourcecode.c.h; name = PTSView.h; path = views/PTSView.h; sourceTree = "<group>"; };
		F7EEE52F19BAA630008E6EF0 /* PTSView.m */ = {isa = PBXFileReference; fileEncoding = 4; lastKnownFileType = sourcecode.c.objc; name = PTSView.m; path = views/PTSView.m; sourceTree = "<group>"; };
/* End PBXFileReference section */

/* Begin PBXFrameworksBuildPhase section */
		F76E87261961B72F00FDF08B /* Frameworks */ = {
			isa = PBXFrameworksBuildPhase;
			buildActionMask = 2147483647;
			files = (
				F76F43431A4E95210091EAA4 /* Accounts.framework in Frameworks */,
				F76F43411A4E951B0091EAA4 /* Social.framework in Frameworks */,
				F76F43311A4E76EB0091EAA4 /* libsqlite3.dylib in Frameworks */,
				F76F432F1A4E76E20091EAA4 /* libz.dylib in Frameworks */,
				F76F432D1A4E76D50091EAA4 /* SystemConfiguration.framework in Frameworks */,
				F76F432B1A4E76CD0091EAA4 /* StoreKit.framework in Frameworks */,
				F76F43291A4E76C50091EAA4 /* Security.framework in Frameworks */,
				F76F43271A4E76BA0091EAA4 /* QuartzCore.framework in Frameworks */,
				F76F43251A4E76B20091EAA4 /* MobileCoreServices.framework in Frameworks */,
				F76F43231A4E76A90091EAA4 /* CoreLocation.framework in Frameworks */,
				F76E872F1961B72F00FDF08B /* CoreGraphics.framework in Frameworks */,
				F76F43211A4E769B0091EAA4 /* CFNetwork.framework in Frameworks */,
				F76F431F1A4E76920091EAA4 /* AudioToolbox.framework in Frameworks */,
				F7E3FA6D1A2763F4000B42EF /* Fabric.framework in Frameworks */,
				F76E876219631E5100FDF08B /* EventKit.framework in Frameworks */,
				F76E87311961B72F00FDF08B /* UIKit.framework in Frameworks */,
				F76E872D1961B72F00FDF08B /* Foundation.framework in Frameworks */,
				F7E3FA6C1A2763F4000B42EF /* Crashlytics.framework in Frameworks */,
				F76F431D1A4E76440091EAA4 /* Bolts.framework in Frameworks */,
				F76F431B1A4E762E0091EAA4 /* Parse.framework in Frameworks */,
				7564E62237D5409085156595 /* libPods-PebbleTimeSchedule.a in Frameworks */,
			);
			runOnlyForDeploymentPostprocessing = 0;
		};
		F76E87411961B72F00FDF08B /* Frameworks */ = {
			isa = PBXFrameworksBuildPhase;
			buildActionMask = 2147483647;
			files = (
				F76E87461961B72F00FDF08B /* XCTest.framework in Frameworks */,
				F76E87481961B72F00FDF08B /* UIKit.framework in Frameworks */,
				F76E87471961B72F00FDF08B /* Foundation.framework in Frameworks */,
			);
			runOnlyForDeploymentPostprocessing = 0;
		};
/* End PBXFrameworksBuildPhase section */

/* Begin PBXGroup section */
		F73EA2A8197BBAD90094A790 /* views */ = {
			isa = PBXGroup;
			children = (
				F72C0D5E1996FBAA00CE95BB /* PTSButton.h */,
				F72C0D5F1996FBAA00CE95BB /* PTSButton.m */,
				F7EEE52B19BAA57E008E6EF0 /* PTSNotificationView.h */,
				F7EEE52C19BAA57E008E6EF0 /* PTSNotificationView.m */,
				F767ABF819BAAB8600AAFCF7 /* PTSNotificationView.xib */,
				F7EEE52E19BAA630008E6EF0 /* PTSView.h */,
				F7EEE52F19BAA630008E6EF0 /* PTSView.m */,
			);
			name = views;
			sourceTree = "<group>";
		};
		F767ABFA19BACF2D00AAFCF7 /* Images */ = {
			isa = PBXGroup;
			children = (
				F74AE35D19BB124800835527 /* Icon.png */,
				F74AE35E19BB124800835527 /* Icon@2x.png */,
				F74AE36119BB139800835527 /* Icon-60@2x.png */,
				F74AE36319BB52EA00835527 /* Icon-60.png */,
				F74AE35719BB0B6200835527 /* Default-568h@2x.png */,
				F74AE35819BB0B6200835527 /* Default.png */,
				F74AE35919BB0B6200835527 /* Default@2x.png */,
				F767ABFB19BACF2D00AAFCF7 /* event_frame.png */,
				F767ABFC19BACF2D00AAFCF7 /* event_frame@2x.png */,
			);
			path = Images;
			sourceTree = "<group>";
		};
		F767AC0219BAD88400AAFCF7 /* foundations */ = {
			isa = PBXGroup;
			children = (
				F73EA2A5197BBAD40094A790 /* UIImage+PTSFoundation.h */,
				F73EA2A6197BBAD40094A790 /* UIImage+PTSFoundation.m */,
				F767ABFF19BAD87C00AAFCF7 /* UIColor+PTSFoundation.h */,
				F767AC0019BAD87C00AAFCF7 /* UIColor+PTSFoundation.m */,
				F767AC0319BAF5BA00AAFCF7 /* NSDate+PTSFoundation.h */,
				F767AC0419BAF5BA00AAFCF7 /* NSDate+PTSFoundation.m */,
				F78C7CC619D29D19002857C1 /* NSString+PTSFoundation.h */,
				F78C7CC719D29D19002857C1 /* NSString+PTSFoundation.m */,
			);
			name = foundations;
			sourceTree = "<group>";
		};
		F767AC0819BAF71700AAFCF7 /* Texts */ = {
			isa = PBXGroup;
			children = (
				F767AC0B19BAF75400AAFCF7 /* Localizable.strings */,
			);
			name = Texts;
			path = ..;
			sourceTree = "<group>";
		};
		F76E87201961B72F00FDF08B = {
			isa = PBXGroup;
			children = (
				F76E87321961B72F00FDF08B /* PebbleTimeSchedule */,
				F76E874B1961B72F00FDF08B /* PebbleTimeScheduleTests */,
				F76E872B1961B72F00FDF08B /* Frameworks */,
				F76E872A1961B72F00FDF08B /* Products */,
				DAB4211A58914854BE34D30F /* Pods-PebbleTimeSchedule.xcconfig */,
			);
			sourceTree = "<group>";
		};
		F76E872A1961B72F00FDF08B /* Products */ = {
			isa = PBXGroup;
			children = (
				F76E87291961B72F00FDF08B /* TimeSchedule.app */,
				F76E87441961B72F00FDF08B /* PebbleTimeScheduleTests.xctest */,
			);
			name = Products;
			sourceTree = "<group>";
		};
		F76E872B1961B72F00FDF08B /* Frameworks */ = {
			isa = PBXGroup;
			children = (
				F76F43421A4E95210091EAA4 /* Accounts.framework */,
				F76F43401A4E951B0091EAA4 /* Social.framework */,
				F76F43301A4E76EB0091EAA4 /* libsqlite3.dylib */,
				F76F432E1A4E76E20091EAA4 /* libz.dylib */,
				F76F432C1A4E76D50091EAA4 /* SystemConfiguration.framework */,
				F76F432A1A4E76CD0091EAA4 /* StoreKit.framework */,
				F76F43281A4E76C50091EAA4 /* Security.framework */,
				F76F43261A4E76BA0091EAA4 /* QuartzCore.framework */,
				F76F43241A4E76B20091EAA4 /* MobileCoreServices.framework */,
				F76F43221A4E76A90091EAA4 /* CoreLocation.framework */,
				F76F43201A4E769B0091EAA4 /* CFNetwork.framework */,
				F76F431E1A4E76920091EAA4 /* AudioToolbox.framework */,
				F76F431C1A4E76440091EAA4 /* Bolts.framework */,
				F76F431A1A4E762E0091EAA4 /* Parse.framework */,
				F7E3FA6A1A2763F4000B42EF /* Crashlytics.framework */,
				F7E3FA6B1A2763F4000B42EF /* Fabric.framework */,
				F76E876119631E5100FDF08B /* EventKit.framework */,
				F76E872C1961B72F00FDF08B /* Foundation.framework */,
				F76E872E1961B72F00FDF08B /* CoreGraphics.framework */,
				F76E87301961B72F00FDF08B /* UIKit.framework */,
				F76E87451961B72F00FDF08B /* XCTest.framework */,
				D55478D4A2104128AF8BEBE3 /* libPods-PebbleTimeSchedule.a */,
			);
			name = Frameworks;
			sourceTree = "<group>";
		};
		F76E87321961B72F00FDF08B /* PebbleTimeSchedule */ = {
			isa = PBXGroup;
			children = (
				F76F43391A4E80520091EAA4 /* App */,
				F76E87331961B72F00FDF08B /* Supporting Files */,
				F7AF27331988513900070FC0 /* Resources */,
			);
			path = PebbleTimeSchedule;
			sourceTree = "<group>";
		};
		F76E87331961B72F00FDF08B /* Supporting Files */ = {
			isa = PBXGroup;
			children = (
				F76E87341961B72F00FDF08B /* PebbleTimeSchedule-Info.plist */,
				F76E87351961B72F00FDF08B /* InfoPlist.strings */,
				F76E87381961B72F00FDF08B /* main.m */,
				F76E873A1961B72F00FDF08B /* PebbleTimeSchedule-Prefix.pch */,
			);
			name = "Supporting Files";
			sourceTree = "<group>";
		};
		F76E874B1961B72F00FDF08B /* PebbleTimeScheduleTests */ = {
			isa = PBXGroup;
			children = (
				F76F433C1A4E92B50091EAA4 /* Resources */,
				F76E87511961B72F00FDF08B /* PebbleTimeScheduleTests.m */,
				F76F433A1A4E8A740091EAA4 /* PTSConfigurationManagerTest.m */,
				F76E874C1961B72F00FDF08B /* Supporting Files */,
			);
			path = PebbleTimeScheduleTests;
			sourceTree = "<group>";
		};
		F76E874C1961B72F00FDF08B /* Supporting Files */ = {
			isa = PBXGroup;
			children = (
				F76E874D1961B72F00FDF08B /* PebbleTimeScheduleTests-Info.plist */,
				F76E874E1961B72F00FDF08B /* InfoPlist.strings */,
			);
			name = "Supporting Files";
			sourceTree = "<group>";
		};
		F76E87601961B83400FDF08B /* contollers */ = {
			isa = PBXGroup;
			children = (
				F76E875B1961B82C00FDF08B /* PTSCalendarListViewController.h */,
				F76E875C1961B82C00FDF08B /* PTSCalendarListViewController.m */,
				F76E875D1961B82C00FDF08B /* PTSCalendarListViewController.xib */,
			);
			name = contollers;
			sourceTree = "<group>";
		};
		F76F43321A4E7F830091EAA4 /* Settings */ = {
			isa = PBXGroup;
			children = (
				F76F43331A4E7F830091EAA4 /* configuration.json */,
			);
			path = Settings;
			sourceTree = "<group>";
		};
		F76F43381A4E80210091EAA4 /* models */ = {
			isa = PBXGroup;
			children = (
				F76F43351A4E801A0091EAA4 /* PTSConfigurationManager.h */,
				F76F43361A4E801A0091EAA4 /* PTSConfigurationManager.m */,
			);
			name = models;
			sourceTree = "<group>";
		};
		F76F43391A4E80520091EAA4 /* App */ = {
			isa = PBXGroup;
			children = (
				F76E873B1961B72F00FDF08B /* PTSAppDelegate.h */,
				F76E873C1961B72F00FDF08B /* PTSAppDelegate.m */,
				F76E87601961B83400FDF08B /* contollers */,
				F73EA2A8197BBAD90094A790 /* views */,
				F76F43381A4E80210091EAA4 /* models */,
				F767AC0219BAD88400AAFCF7 /* foundations */,
			);
			name = App;
			sourceTree = "<group>";
		};
		F76F433C1A4E92B50091EAA4 /* Resources */ = {
			isa = PBXGroup;
			children = (
				F76F433D1A4E92B50091EAA4 /* Settings */,
			);
			path = Resources;
			sourceTree = "<group>";
		};
		F76F433D1A4E92B50091EAA4 /* Settings */ = {
			isa = PBXGroup;
			children = (
				F76F433E1A4E92B50091EAA4 /* configuration.json */,
			);
			path = Settings;
			sourceTree = "<group>";
		};
		F7AF27331988513900070FC0 /* Resources */ = {
			isa = PBXGroup;
			children = (
				F76E873E1961B72F00FDF08B /* Images.xcassets */,
				F76F43321A4E7F830091EAA4 /* Settings */,
				F767AC0819BAF71700AAFCF7 /* Texts */,
				F767ABFA19BACF2D00AAFCF7 /* Images */,
				F7AF27341988513900070FC0 /* Fonts */,
			);
			path = Resources;
			sourceTree = "<group>";
		};
		F7AF27341988513900070FC0 /* Fonts */ = {
			isa = PBXGroup;
			children = (
				F7AF27351988513900070FC0 /* misaki_gothic.ttf */,
				F7AF27361988513900070FC0 /* misaki_mincho.ttf */,
			);
			path = Fonts;
			sourceTree = "<group>";
		};
/* End PBXGroup section */

/* Begin PBXNativeTarget section */
		F76E87281961B72F00FDF08B /* PebbleTimeSchedule */ = {
			isa = PBXNativeTarget;
			buildConfigurationList = F76E87551961B72F00FDF08B /* Build configuration list for PBXNativeTarget "PebbleTimeSchedule" */;
			buildPhases = (
				BD9DD5E5261F4ADD92EA2045 /* Check Pods Manifest.lock */,
				F76E87251961B72F00FDF08B /* Sources */,
				F76E87261961B72F00FDF08B /* Frameworks */,
				F76E87271961B72F00FDF08B /* Resources */,
				676965037C244B6DAA66F939 /* Copy Pods Resources */,
				F7E3FA691A27639E000B42EF /* ShellScript */,
			);
			buildRules = (
			);
			dependencies = (
			);
			name = PebbleTimeSchedule;
			productName = PebbleTimeSchedule;
			productReference = F76E87291961B72F00FDF08B /* TimeSchedule.app */;
			productType = "com.apple.product-type.application";
		};
		F76E87431961B72F00FDF08B /* PebbleTimeScheduleTests */ = {
			isa = PBXNativeTarget;
			buildConfigurationList = F76E87581961B72F00FDF08B /* Build configuration list for PBXNativeTarget "PebbleTimeScheduleTests" */;
			buildPhases = (
				F76E87401961B72F00FDF08B /* Sources */,
				F76E87411961B72F00FDF08B /* Frameworks */,
				F76E87421961B72F00FDF08B /* Resources */,
			);
			buildRules = (
			);
			dependencies = (
				F79DC2E41A4EA4D1001C1ABA /* PBXTargetDependency */,
			);
			name = PebbleTimeScheduleTests;
			productName = PebbleTimeScheduleTests;
			productReference = F76E87441961B72F00FDF08B /* PebbleTimeScheduleTests.xctest */;
			productType = "com.apple.product-type.bundle.unit-test";
		};
/* End PBXNativeTarget section */

/* Begin PBXProject section */
		F76E87211961B72F00FDF08B /* Project object */ = {
			isa = PBXProject;
			attributes = {
				CLASSPREFIX = PTS;
				LastUpgradeCheck = 0610;
				ORGANIZATIONNAME = "Matsuo Keisuke";
				TargetAttributes = {
					F76E87281961B72F00FDF08B = {
						DevelopmentTeam = 6EV77ZMUD9;
						SystemCapabilities = {
							com.apple.BackgroundModes = {
								enabled = 1;
							};
						};
					};
					F76E87431961B72F00FDF08B = {
						TestTargetID = F76E87281961B72F00FDF08B;
					};
				};
			};
			buildConfigurationList = F76E87241961B72F00FDF08B /* Build configuration list for PBXProject "PebbleTimeSchedule" */;
			compatibilityVersion = "Xcode 3.2";
			developmentRegion = English;
			hasScannedForEncodings = 0;
			knownRegions = (
				en,
				ja,
			);
			mainGroup = F76E87201961B72F00FDF08B;
			productRefGroup = F76E872A1961B72F00FDF08B /* Products */;
			projectDirPath = "";
			projectRoot = "";
			targets = (
				F76E87281961B72F00FDF08B /* PebbleTimeSchedule */,
				F76E87431961B72F00FDF08B /* PebbleTimeScheduleTests */,
			);
		};
/* End PBXProject section */

/* Begin PBXResourcesBuildPhase section */
		F76E87271961B72F00FDF08B /* Resources */ = {
			isa = PBXResourcesBuildPhase;
			buildActionMask = 2147483647;
			files = (
				F74AE35C19BB0B6200835527 /* Default@2x.png in Resources */,
				F7AF27371988513900070FC0 /* misaki_gothic.ttf in Resources */,
				F76E87371961B72F00FDF08B /* InfoPlist.strings in Resources */,
				F7AF27381988513900070FC0 /* misaki_mincho.ttf in Resources */,
				F74AE35A19BB0B6200835527 /* Default-568h@2x.png in Resources */,
				F767ABFE19BACF2D00AAFCF7 /* event_frame@2x.png in Resources */,
				F767AC0919BAF75400AAFCF7 /* Localizable.strings in Resources */,
				F74AE35F19BB124800835527 /* Icon.png in Resources */,
				F76E875F1961B82C00FDF08B /* PTSCalendarListViewController.xib in Resources */,
				F74AE36019BB124800835527 /* Icon@2x.png in Resources */,
				F74AE36419BB52EA00835527 /* Icon-60.png in Resources */,
				F76E873F1961B72F00FDF08B /* Images.xcassets in Resources */,
				F74AE36219BB139800835527 /* Icon-60@2x.png in Resources */,
				F767ABFD19BACF2D00AAFCF7 /* event_frame.png in Resources */,
				F76F43341A4E7F830091EAA4 /* configuration.json in Resources */,
				F767ABF919BAAB8600AAFCF7 /* PTSNotificationView.xib in Resources */,
				F74AE35B19BB0B6200835527 /* Default.png in Resources */,
			);
			runOnlyForDeploymentPostprocessing = 0;
		};
		F76E87421961B72F00FDF08B /* Resources */ = {
			isa = PBXResourcesBuildPhase;
			buildActionMask = 2147483647;
			files = (
				F76F433F1A4E92B50091EAA4 /* configuration.json in Resources */,
				F76E87501961B72F00FDF08B /* InfoPlist.strings in Resources */,
			);
			runOnlyForDeploymentPostprocessing = 0;
		};
/* End PBXResourcesBuildPhase section */

/* Begin PBXShellScriptBuildPhase section */
		676965037C244B6DAA66F939 /* Copy Pods Resources */ = {
			isa = PBXShellScriptBuildPhase;
			buildActionMask = 2147483647;
			files = (
			);
			inputPaths = (
			);
			name = "Copy Pods Resources";
			outputPaths = (
			);
			runOnlyForDeploymentPostprocessing = 0;
			shellPath = /bin/sh;
			shellScript = "\"${SRCROOT}/Pods/Pods-PebbleTimeSchedule-resources.sh\"\n";
			showEnvVarsInLog = 0;
		};
		BD9DD5E5261F4ADD92EA2045 /* Check Pods Manifest.lock */ = {
			isa = PBXShellScriptBuildPhase;
			buildActionMask = 2147483647;
			files = (
			);
			inputPaths = (
			);
			name = "Check Pods Manifest.lock";
			outputPaths = (
			);
			runOnlyForDeploymentPostprocessing = 0;
			shellPath = /bin/sh;
			shellScript = "diff \"${PODS_ROOT}/../Podfile.lock\" \"${PODS_ROOT}/Manifest.lock\" > /dev/null\nif [[ $? != 0 ]] ; then\n    cat << EOM\nerror: The sandbox is not in sync with the Podfile.lock. Run 'pod install' or update your CocoaPods installation.\nEOM\n    exit 1\nfi\n";
			showEnvVarsInLog = 0;
		};
		F7E3FA691A27639E000B42EF /* ShellScript */ = {
			isa = PBXShellScriptBuildPhase;
			buildActionMask = 2147483647;
			files = (
			);
			inputPaths = (
			);
			outputPaths = (
			);
			runOnlyForDeploymentPostprocessing = 0;
			shellPath = /bin/sh;
			shellScript = "./Fabric.framework/run e2f7bf8fce883cf47cefae1ada7ee7f8863f8727 db469eb98aa895668587931e53c9dd7402ad8f8c8ed9a28f0054de46f4d37320";
		};
/* End PBXShellScriptBuildPhase section */

/* Begin PBXSourcesBuildPhase section */
		F76E87251961B72F00FDF08B /* Sources */ = {
			isa = PBXSourcesBuildPhase;
			buildActionMask = 2147483647;
			files = (
				F767AC0119BAD87C00AAFCF7 /* UIColor+PTSFoundation.m in Sources */,
				F76F43371A4E801A0091EAA4 /* PTSConfigurationManager.m in Sources */,
				F73EA2A7197BBAD40094A790 /* UIImage+PTSFoundation.m in Sources */,
				F767AC0519BAF5BA00AAFCF7 /* NSDate+PTSFoundation.m in Sources */,
				F7EEE53019BAA630008E6EF0 /* PTSView.m in Sources */,
				F72C0D601996FBAA00CE95BB /* PTSButton.m in Sources */,
				F76E873D1961B72F00FDF08B /* PTSAppDelegate.m in Sources */,
				F78C7CC819D29D19002857C1 /* NSString+PTSFoundation.m in Sources */,
				F7EEE52D19BAA57E008E6EF0 /* PTSNotificationView.m in Sources */,
				F76E875E1961B82C00FDF08B /* PTSCalendarListViewController.m in Sources */,
				F76E87391961B72F00FDF08B /* main.m in Sources */,
			);
			runOnlyForDeploymentPostprocessing = 0;
		};
		F76E87401961B72F00FDF08B /* Sources */ = {
			isa = PBXSourcesBuildPhase;
			buildActionMask = 2147483647;
			files = (
				F79DC2E21A4EA3D0001C1ABA /* PTSConfigurationManagerTest.m in Sources */,
				F79DC2E01A4EA2F8001C1ABA /* PebbleTimeScheduleTests.m in Sources */,
			);
			runOnlyForDeploymentPostprocessing = 0;
		};
/* End PBXSourcesBuildPhase section */

/* Begin PBXTargetDependency section */
		F79DC2E41A4EA4D1001C1ABA /* PBXTargetDependency */ = {
			isa = PBXTargetDependency;
			target = F76E87281961B72F00FDF08B /* PebbleTimeSchedule */;
			targetProxy = F79DC2E31A4EA4D1001C1ABA /* PBXContainerItemProxy */;
		};
/* End PBXTargetDependency section */

/* Begin PBXVariantGroup section */
		F767AC0B19BAF75400AAFCF7 /* Localizable.strings */ = {
			isa = PBXVariantGroup;
			children = (
				F767AC0A19BAF75400AAFCF7 /* en */,
				F767AC1019BAF82F00AAFCF7 /* ja */,
			);
			name = Localizable.strings;
			path = Resources/Texts;
			sourceTree = "<group>";
		};
		F76E87351961B72F00FDF08B /* InfoPlist.strings */ = {
			isa = PBXVariantGroup;
			children = (
				F76E87361961B72F00FDF08B /* en */,
			);
			name = InfoPlist.strings;
			sourceTree = "<group>";
		};
		F76E874E1961B72F00FDF08B /* InfoPlist.strings */ = {
			isa = PBXVariantGroup;
			children = (
				F76E874F1961B72F00FDF08B /* en */,
			);
			name = InfoPlist.strings;
			sourceTree = "<group>";
		};
/* End PBXVariantGroup section */

/* Begin XCBuildConfiguration section */
		F74AE36519BB546F00835527 /* Distribution */ = {
			isa = XCBuildConfiguration;
			buildSettings = {
				ALWAYS_SEARCH_USER_PATHS = NO;
				CLANG_CXX_LANGUAGE_STANDARD = "gnu++0x";
				CLANG_CXX_LIBRARY = "libc++";
				CLANG_ENABLE_MODULES = YES;
				CLANG_ENABLE_OBJC_ARC = YES;
				CLANG_WARN_BOOL_CONVERSION = YES;
				CLANG_WARN_CONSTANT_CONVERSION = YES;
				CLANG_WARN_DIRECT_OBJC_ISA_USAGE = YES_ERROR;
				CLANG_WARN_EMPTY_BODY = YES;
				CLANG_WARN_ENUM_CONVERSION = YES;
				CLANG_WARN_INT_CONVERSION = YES;
				CLANG_WARN_OBJC_ROOT_CLASS = YES_ERROR;
				CLANG_WARN__DUPLICATE_METHOD_MATCH = YES;
				"CODE_SIGN_IDENTITY[sdk=iphoneos*]" = "iPhone Developer";
				COPY_PHASE_STRIP = YES;
				ENABLE_NS_ASSERTIONS = NO;
				GCC_C_LANGUAGE_STANDARD = gnu99;
				GCC_SYMBOLS_PRIVATE_EXTERN = YES;
				GCC_WARN_64_TO_32_BIT_CONVERSION = YES;
				GCC_WARN_ABOUT_RETURN_TYPE = YES_ERROR;
				GCC_WARN_UNDECLARED_SELECTOR = YES;
				GCC_WARN_UNINITIALIZED_AUTOS = YES_AGGRESSIVE;
				GCC_WARN_UNUSED_FUNCTION = YES;
				GCC_WARN_UNUSED_VARIABLE = YES;
				IPHONEOS_DEPLOYMENT_TARGET = 8.0;
				SDKROOT = iphoneos;
				VALIDATE_PRODUCT = YES;
				VALID_ARCHS = "$(ARCHS_STANDARD) i386";
			};
			name = Distribution;
		};
		F74AE36619BB546F00835527 /* Distribution */ = {
			isa = XCBuildConfiguration;
			baseConfigurationReference = DAB4211A58914854BE34D30F /* Pods-PebbleTimeSchedule.xcconfig */;
			buildSettings = {
				ASSETCATALOG_COMPILER_APPICON_NAME = AppIcon;
				ASSETCATALOG_COMPILER_LAUNCHIMAGE_NAME = LaunchImage;
				CODE_SIGN_IDENTITY = "iPhone Developer";
				"CODE_SIGN_IDENTITY[sdk=iphoneos*]" = "iPhone Developer";
				FRAMEWORK_SEARCH_PATHS = (
					"$(inherited)",
					"$(PROJECT_DIR)",
				);
				GCC_PRECOMPILE_PREFIX_HEADER = YES;
				GCC_PREFIX_HEADER = "PebbleTimeSchedule/PebbleTimeSchedule-Prefix.pch";
				INFOPLIST_FILE = "PebbleTimeSchedule/PebbleTimeSchedule-Info.plist";
				IPHONEOS_DEPLOYMENT_TARGET = 8.0;
				PRODUCT_NAME = TimeSchedule;
				PROVISIONING_PROFILE = "";
				WRAPPER_EXTENSION = app;
			};
			name = Distribution;
		};
		F74AE36719BB546F00835527 /* Distribution */ = {
			isa = XCBuildConfiguration;
			buildSettings = {
				BUNDLE_LOADER = "$(TEST_HOST)";
				FRAMEWORK_SEARCH_PATHS = (
					"$(SDKROOT)/Developer/Library/Frameworks",
					"$(inherited)",
					"$(DEVELOPER_FRAMEWORKS_DIR)",
					"$(PROJECT_DIR)",
				);
				GCC_PRECOMPILE_PREFIX_HEADER = YES;
				GCC_PREFIX_HEADER = "PebbleTimeSchedule/PebbleTimeSchedule-Prefix.pch";
				INFOPLIST_FILE = "PebbleTimeScheduleTests/PebbleTimeScheduleTests-Info.plist";
				PRODUCT_NAME = "$(TARGET_NAME)";
				TEST_HOST = "$(BUILT_PRODUCTS_DIR)/TimeSchedule.app/TimeSchedule";
				WRAPPER_EXTENSION = xctest;
			};
			name = Distribution;
		};
		F76E87531961B72F00FDF08B /* Debug */ = {
			isa = XCBuildConfiguration;
			buildSettings = {
				ALWAYS_SEARCH_USER_PATHS = NO;
				CLANG_CXX_LANGUAGE_STANDARD = "gnu++0x";
				CLANG_CXX_LIBRARY = "libc++";
				CLANG_ENABLE_MODULES = YES;
				CLANG_ENABLE_OBJC_ARC = YES;
				CLANG_WARN_BOOL_CONVERSION = YES;
				CLANG_WARN_CONSTANT_CONVERSION = YES;
				CLANG_WARN_DIRECT_OBJC_ISA_USAGE = YES_ERROR;
				CLANG_WARN_EMPTY_BODY = YES;
				CLANG_WARN_ENUM_CONVERSION = YES;
				CLANG_WARN_INT_CONVERSION = YES;
				CLANG_WARN_OBJC_ROOT_CLASS = YES_ERROR;
				CLANG_WARN__DUPLICATE_METHOD_MATCH = YES;
				"CODE_SIGN_IDENTITY[sdk=iphoneos*]" = "iPhone Developer";
				COPY_PHASE_STRIP = NO;
				GCC_C_LANGUAGE_STANDARD = gnu99;
				GCC_DYNAMIC_NO_PIC = NO;
				GCC_OPTIMIZATION_LEVEL = 0;
				GCC_PREPROCESSOR_DEFINITIONS = (
					"DEBUG=1",
					"$(inherited)",
				);
				GCC_SYMBOLS_PRIVATE_EXTERN = NO;
				GCC_WARN_64_TO_32_BIT_CONVERSION = YES;
				GCC_WARN_ABOUT_RETURN_TYPE = YES_ERROR;
				GCC_WARN_UNDECLARED_SELECTOR = YES;
				GCC_WARN_UNINITIALIZED_AUTOS = YES_AGGRESSIVE;
				GCC_WARN_UNUSED_FUNCTION = YES;
				GCC_WARN_UNUSED_VARIABLE = YES;
				IPHONEOS_DEPLOYMENT_TARGET = 8.0;
				ONLY_ACTIVE_ARCH = NO;
				SDKROOT = iphoneos;
				VALID_ARCHS = "$(ARCHS_STANDARD) i386";
			};
			name = Debug;
		};
		F76E87541961B72F00FDF08B /* Release */ = {
			isa = XCBuildConfiguration;
			buildSettings = {
				ALWAYS_SEARCH_USER_PATHS = NO;
				CLANG_CXX_LANGUAGE_STANDARD = "gnu++0x";
				CLANG_CXX_LIBRARY = "libc++";
				CLANG_ENABLE_MODULES = YES;
				CLANG_ENABLE_OBJC_ARC = YES;
				CLANG_WARN_BOOL_CONVERSION = YES;
				CLANG_WARN_CONSTANT_CONVERSION = YES;
				CLANG_WARN_DIRECT_OBJC_ISA_USAGE = YES_ERROR;
				CLANG_WARN_EMPTY_BODY = YES;
				CLANG_WARN_ENUM_CONVERSION = YES;
				CLANG_WARN_INT_CONVERSION = YES;
				CLANG_WARN_OBJC_ROOT_CLASS = YES_ERROR;
				CLANG_WARN__DUPLICATE_METHOD_MATCH = YES;
				"CODE_SIGN_IDENTITY[sdk=iphoneos*]" = "iPhone Developer";
				COPY_PHASE_STRIP = YES;
				ENABLE_NS_ASSERTIONS = NO;
				GCC_C_LANGUAGE_STANDARD = gnu99;
				GCC_SYMBOLS_PRIVATE_EXTERN = YES;
				GCC_WARN_64_TO_32_BIT_CONVERSION = YES;
				GCC_WARN_ABOUT_RETURN_TYPE = YES_ERROR;
				GCC_WARN_UNDECLARED_SELECTOR = YES;
				GCC_WARN_UNINITIALIZED_AUTOS = YES_AGGRESSIVE;
				GCC_WARN_UNUSED_FUNCTION = YES;
				GCC_WARN_UNUSED_VARIABLE = YES;
				IPHONEOS_DEPLOYMENT_TARGET = 8.0;
				SDKROOT = iphoneos;
				VALIDATE_PRODUCT = YES;
				VALID_ARCHS = "$(ARCHS_STANDARD) i386";
			};
			name = Release;
		};
		F76E87561961B72F00FDF08B /* Debug */ = {
			isa = XCBuildConfiguration;
			baseConfigurationReference = DAB4211A58914854BE34D30F /* Pods-PebbleTimeSchedule.xcconfig */;
			buildSettings = {
				ASSETCATALOG_COMPILER_APPICON_NAME = AppIcon;
				ASSETCATALOG_COMPILER_LAUNCHIMAGE_NAME = LaunchImage;
				CODE_SIGN_IDENTITY = "iPhone Developer";
				"CODE_SIGN_IDENTITY[sdk=iphoneos*]" = "iPhone Developer";
				FRAMEWORK_SEARCH_PATHS = (
					"$(inherited)",
					"$(PROJECT_DIR)",
				);
				GCC_PRECOMPILE_PREFIX_HEADER = YES;
				GCC_PREFIX_HEADER = "PebbleTimeSchedule/PebbleTimeSchedule-Prefix.pch";
				INFOPLIST_FILE = "PebbleTimeSchedule/PebbleTimeSchedule-Info.plist";
				IPHONEOS_DEPLOYMENT_TARGET = 8.0;
				PRODUCT_NAME = TimeSchedule;
				PROVISIONING_PROFILE = "";
				VALID_ARCHS = "$(ARCHS_STANDARD)";
				WRAPPER_EXTENSION = app;
			};
			name = Debug;
		};
		F76E87571961B72F00FDF08B /* Release */ = {
			isa = XCBuildConfiguration;
			baseConfigurationReference = DAB4211A58914854BE34D30F /* Pods-PebbleTimeSchedule.xcconfig */;
			buildSettings = {
				ASSETCATALOG_COMPILER_APPICON_NAME = AppIcon;
				ASSETCATALOG_COMPILER_LAUNCHIMAGE_NAME = LaunchImage;
				CODE_SIGN_IDENTITY = "iPhone Developer";
				"CODE_SIGN_IDENTITY[sdk=iphoneos*]" = "iPhone Developer";
				FRAMEWORK_SEARCH_PATHS = (
					"$(inherited)",
					"$(PROJECT_DIR)",
				);
				GCC_PRECOMPILE_PREFIX_HEADER = YES;
				GCC_PREFIX_HEADER = "PebbleTimeSchedule/PebbleTimeSchedule-Prefix.pch";
				INFOPLIST_FILE = "PebbleTimeSchedule/PebbleTimeSchedule-Info.plist";
				IPHONEOS_DEPLOYMENT_TARGET = 8.0;
				PRODUCT_NAME = TimeSchedule;
				PROVISIONING_PROFILE = "";
				WRAPPER_EXTENSION = app;
			};
			name = Release;
		};
		F76E87591961B72F00FDF08B /* Debug */ = {
			isa = XCBuildConfiguration;
			buildSettings = {
				BUNDLE_LOADER = "$(TEST_HOST)";
				FRAMEWORK_SEARCH_PATHS = (
					"$(SDKROOT)/Developer/Library/Frameworks",
					"$(inherited)",
					"$(DEVELOPER_FRAMEWORKS_DIR)",
					"$(PROJECT_DIR)",
				);
				GCC_PRECOMPILE_PREFIX_HEADER = YES;
				GCC_PREFIX_HEADER = "PebbleTimeSchedule/PebbleTimeSchedule-Prefix.pch";
				GCC_PREPROCESSOR_DEFINITIONS = (
					"DEBUG=1",
					"$(inherited)",
				);
				GCC_SYMBOLS_PRIVATE_EXTERN = NO;
				INFOPLIST_FILE = "PebbleTimeScheduleTests/PebbleTimeScheduleTests-Info.plist";
				PRODUCT_NAME = "$(TARGET_NAME)";
				TEST_HOST = "$(BUILT_PRODUCTS_DIR)/TimeSchedule.app/TimeSchedule";
				WRAPPER_EXTENSION = xctest;
			};
			name = Debug;
		};
		F76E875A1961B72F00FDF08B /* Release */ = {
			isa = XCBuildConfiguration;
			buildSettings = {
				BUNDLE_LOADER = "$(TEST_HOST)";
				FRAMEWORK_SEARCH_PATHS = (
					"$(SDKROOT)/Developer/Library/Frameworks",
					"$(inherited)",
					"$(DEVELOPER_FRAMEWORKS_DIR)",
					"$(PROJECT_DIR)",
				);
				GCC_PRECOMPILE_PREFIX_HEADER = YES;
				GCC_PREFIX_HEADER = "PebbleTimeSchedule/PebbleTimeSchedule-Prefix.pch";
				INFOPLIST_FILE = "PebbleTimeScheduleTests/PebbleTimeScheduleTests-Info.plist";
				PRODUCT_NAME = "$(TARGET_NAME)";
				TEST_HOST = "$(BUILT_PRODUCTS_DIR)/TimeSchedule.app/TimeSchedule";
				WRAPPER_EXTENSION = xctest;
			};
			name = Release;
		};
/* End XCBuildConfiguration section */

/* Begin XCConfigurationList section */
		F76E87241961B72F00FDF08B /* Build configuration list for PBXProject "PebbleTimeSchedule" */ = {
			isa = XCConfigurationList;
			buildConfigurations = (
				F76E87531961B72F00FDF08B /* Debug */,
				F76E87541961B72F00FDF08B /* Release */,
				F74AE36519BB546F00835527 /* Distribution */,
			);
			defaultConfigurationIsVisible = 0;
			defaultConfigurationName = Release;
		};
		F76E87551961B72F00FDF08B /* Build configuration list for PBXNativeTarget "PebbleTimeSchedule" */ = {
			isa = XCConfigurationList;
			buildConfigurations = (
				F76E87561961B72F00FDF08B /* Debug */,
				F76E87571961B72F00FDF08B /* Release */,
				F74AE36619BB546F00835527 /* Distribution */,
			);
			defaultConfigurationIsVisible = 0;
			defaultConfigurationName = Release;
		};
		F76E87581961B72F00FDF08B /* Build configuration list for PBXNativeTarget "PebbleTimeScheduleTests" */ = {
			isa = XCConfigurationList;
			buildConfigurations = (
				F76E87591961B72F00FDF08B /* Debug */,
				F76E875A1961B72F00FDF08B /* Release */,
				F74AE36719BB546F00835527 /* Distribution */,
			);
			defaultConfigurationIsVisible = 0;
			defaultConfigurationName = Release;
		};
/* End XCConfigurationList section */
	};
	rootObject = F76E87211961B72F00FDF08B /* Project object */;
}
